
Microsoft Visual Studio Solution File, Format Version 11.00
# Visual Studio 2010
Project("{FAE04EC0-301F-11D3-BF4B-00C04F79EFBC}") = "Common.Helpers.Json", "Common.Helpers.Json\Common.Helpers.Json.csproj", "{5392345A-2263-4768-956B-8DBA19BBB381}"
EndProject
Project("{FAE04EC0-301F-11D3-BF4B-00C04F79EFBC}") = "Common.Database", "Common.Database\Common.Database.csproj", "{9CCA83FE-EC9B-4297-939F-E836154E427B}"
EndProject
Project("{FAE04EC0-301F-11D3-BF4B-00C04F79EFBC}") = "Common.Helpers.Web", "Common.Helpers.Web\Common.Helpers.Web.csproj", "{19229A4C-08EF-4394-8CA7-A12AD3EA4C90}"
EndProject
Project("{FAE04EC0-301F-11D3-BF4B-00C04F79EFBC}") = "Common.Umbraco", "Common.Umbraco\Common.Umbraco.csproj", "{EF2F1E6C-B62E-4A7C-875C-EC04B110C198}"
EndProject
Global
	GlobalSection(SolutionConfigurationPlatforms) = preSolution
		Debug|Any CPU = Debug|Any CPU
		Debug|Mixed Platforms = Debug|Mixed Platforms
		Debug|x86 = Debug|x86
		Release|Any CPU = Release|Any CPU
		Release|Mixed Platforms = Release|Mixed Platforms
		Release|x86 = Release|x86
	EndGlobalSection
	GlobalSection(ProjectConfigurationPlatforms) = postSolution
		{5392345A-2263-4768-956B-8DBA19BBB381}.Debug|Any CPU.ActiveCfg = Debug|Any CPU
		{5392345A-2263-4768-956B-8DBA19BBB381}.Debug|Any CPU.Build.0 = Debug|Any CPU
		{5392345A-2263-4768-956B-8DBA19BBB381}.Debug|Mixed Platforms.ActiveCfg = Debug|Any CPU
		{5392345A-2263-4768-956B-8DBA19BBB381}.Debug|Mixed Platforms.Build.0 = Debug|Any CPU
		{5392345A-2263-4768-956B-8DBA19BBB381}.Debug|x86.ActiveCfg = Debug|Any CPU
		{5392345A-2263-4768-956B-8DBA19BBB381}.Release|Any CPU.ActiveCfg = Release|Any CPU
		{5392345A-2263-4768-956B-8DBA19BBB381}.Release|Any CPU.Build.0 = Release|Any CPU
		{5392345A-2263-4768-956B-8DBA19BBB381}.Release|Mixed Platforms.ActiveCfg = Release|Any CPU
		{5392345A-2263-4768-956B-8DBA19BBB381}.Release|Mixed Platforms.Build.0 = Release|Any CPU
		{5392345A-2263-4768-956B-8DBA19BBB381}.Release|x86.ActiveCfg = Release|Any CPU
		{9CCA83FE-EC9B-4297-939F-E836154E427B}.Debug|Any CPU.ActiveCfg = Debug|Any CPU
		{9CCA83FE-EC9B-4297-939F-E836154E427B}.Debug|Any CPU.Build.0 = Debug|Any CPU
		{9CCA83FE-EC9B-4297-939F-E836154E427B}.Debug|Mixed Platforms.ActiveCfg = Debug|Any CPU
		{9CCA83FE-EC9B-4297-939F-E836154E427B}.Debug|Mixed Platforms.Build.0 = Debug|Any CPU
		{9CCA83FE-EC9B-4297-939F-E836154E427B}.Debug|x86.ActiveCfg = Debug|Any CPU
		{9CCA83FE-EC9B-4297-939F-E836154E427B}.Release|Any CPU.ActiveCfg = Release|Any CPU
		{9CCA83FE-EC9B-4297-939F-E836154E427B}.Release|Any CPU.Build.0 = Release|Any CPU
		{9CCA83FE-EC9B-4297-939F-E836154E427B}.Release|Mixed Platforms.ActiveCfg = Release|Any CPU
		{9CCA83FE-EC9B-4297-939F-E836154E427B}.Release|Mixed Platforms.Build.0 = Release|Any CPU
		{9CCA83FE-EC9B-4297-939F-E836154E427B}.Release|x86.ActiveCfg = Release|Any CPU
		{19229A4C-08EF-4394-8CA7-A12AD3EA4C90}.Debug|Any CPU.ActiveCfg = Debug|Any CPU
		{19229A4C-08EF-4394-8CA7-A12AD3EA4C90}.Debug|Any CPU.Build.0 = Debug|Any CPU
		{19229A4C-08EF-4394-8CA7-A12AD3EA4C90}.Debug|Mixed Platforms.ActiveCfg = Debug|Any CPU
		{19229A4C-08EF-4394-8CA7-A12AD3EA4C90}.Debug|Mixed Platforms.Build.0 = Debug|Any CPU
		{19229A4C-08EF-4394-8CA7-A12AD3EA4C90}.Debug|x86.ActiveCfg = Debug|Any CPU
		{19229A4C-08EF-4394-8CA7-A12AD3EA4C90}.Release|Any CPU.ActiveCfg = Release|Any CPU
		{19229A4C-08EF-4394-8CA7-A12AD3EA4C90}.Release|Any CPU.Build.0 = Release|Any CPU
		{19229A4C-08EF-4394-8CA7-A12AD3EA4C90}.Release|Mixed Platforms.ActiveCfg = Release|Any CPU
		{19229A4C-08EF-4394-8CA7-A12AD3EA4C90}.Release|Mixed Platforms.Build.0 = Release|Any CPU
		{19229A4C-08EF-4394-8CA7-A12AD3EA4C90}.Release|x86.ActiveCfg = Release|Any CPU
		{EF2F1E6C-B62E-4A7C-875C-EC04B110C198}.Debug|Any CPU.ActiveCfg = Debug|x86
		{EF2F1E6C-B62E-4A7C-875C-EC04B110C198}.Debug|Mixed Platforms.ActiveCfg = Debug|x86
		{EF2F1E6C-B62E-4A7C-875C-EC04B110C198}.Debug|Mixed Platforms.Build.0 = Debug|x86
		{EF2F1E6C-B62E-4A7C-875C-EC04B110C198}.Debug|x86.ActiveCfg = Debug|x86
		{EF2F1E6C-B62E-4A7C-875C-EC04B110C198}.Debug|x86.Build.0 = Debug|x86
		{EF2F1E6C-B62E-4A7C-875C-EC04B110C198}.Release|Any CPU.ActiveCfg = Release|x86
		{EF2F1E6C-B62E-4A7C-875C-EC04B110C198}.Release|Mixed Platforms.ActiveCfg = Release|x86
		{EF2F1E6C-B62E-4A7C-875C-EC04B110C198}.Release|Mixed Platforms.Build.0 = Release|x86
		{EF2F1E6C-B62E-4A7C-875C-EC04B110C198}.Release|x86.ActiveCfg = Release|x86
		{EF2F1E6C-B62E-4A7C-875C-EC04B110C198}.Release|x86.Build.0 = Release|x86
	EndGlobalSection
	GlobalSection(SolutionProperties) = preSolution
		HideSolutionNode = FALSE
	EndGlobalSection
EndGlobal
